// !$*UTF8*$!
{
	archiveVersion = 1;
	classes = {
	};
	objectVersion = 77;
	objects = {

/* Begin PBXContainerItemProxy section */
		BCF8D6332E43B68A00CB37E0 /* PBXContainerItemProxy */ = {
			isa = PBXContainerItemProxy;
			containerPortal = BCF8D61D2E43B68900CB37E0 /* Project object */;
			proxyType = 1;
			remoteGlobalIDString = BCF8D6242E43B68900CB37E0;
			remoteInfo = "miqo-app";
		};
		BCF8D63D2E43B68A00CB37E0 /* PBXContainerItemProxy */ = {
			isa = PBXContainerItemProxy;
			containerPortal = BCF8D61D2E43B68900CB37E0 /* Project object */;
			proxyType = 1;
			remoteGlobalIDString = BCF8D6242E43B68900CB37E0;
			remoteInfo = "miqo-app";
		};
/* End PBXContainerItemProxy section */

/* Begin PBXFileReference section */
		BCF8D6252E43B68900CB37E0 /* miqo-app.app */ = {isa = PBXFileReference; explicitFileType = wrapper.application; includeInIndex = 0; path = "miqo-app.app"; sourceTree = BUILT_PRODUCTS_DIR; };
		BCF8D6322E43B68A00CB37E0 /* miqo-appTests.xctest */ = {isa = PBXFileReference; explicitFileType = wrapper.cfbundle; includeInIndex = 0; path = "miqo-appTests.xctest"; sourceTree = BUILT_PRODUCTS_DIR; };
		BCF8D63C2E43B68A00CB37E0 /* miqo-appUITests.xctest */ = {isa = PBXFileReference; explicitFileType = wrapper.cfbundle; includeInIndex = 0; path = "miqo-appUITests.xctest"; sourceTree = BUILT_PRODUCTS_DIR; };
/* End PBXFileReference section */

/* Begin PBXFileSystemSynchronizedRootGroup section */
		BCF8D6272E43B68900CB37E0 /* miqo-app */ = {
			isa = PBXFileSystemSynchronizedRootGroup;
			path = "miqo-app";
			sourceTree = "<group>";
		};
		BCF8D6352E43B68A00CB37E0 /* miqo-appTests */ = {
			isa = PBXFileSystemSynchronizedRootGroup;
			path = "miqo-appTests";
			sourceTree = "<group>";
		};
		BCF8D63F2E43B68A00CB37E0 /* miqo-appUITests */ = {
			isa = PBXFileSystemSynchronizedRootGroup;
			path = "miqo-appUITests";
			sourceTree = "<group>";
		};
/* End PBXFileSystemSynchronizedRootGroup section */

/* Begin PBXFrameworksBuildPhase section */
		BCF8D6222E43B68900CB37E0 /* Frameworks */ = {
			isa = PBXFrameworksBuildPhase;
			buildActionMask = 2147483647;
			files = (
			);
			runOnlyForDeploymentPostprocessing = 0;
		};
		BCF8D62F2E43B68A00CB37E0 /* Frameworks */ = {
			isa = PBXFrameworksBuildPhase;
			buildActionMask = 2147483647;
			files = (
			);
			runOnlyForDeploymentPostprocessing = 0;
		};
		BCF8D6392E43B68A00CB37E0 /* Frameworks */ = {
			isa = PBXFrameworksBuildPhase;
			buildActionMask = 2147483647;
			files = (
			);
			runOnlyForDeploymentPostprocessing = 0;
		};
/* End PBXFrameworksBuildPhase section */

/* Begin PBXGroup section */
		BCF8D61C2E43B68900CB37E0 = {
			isa = PBXGroup;
			children = (
				BCF8D6272E43B68900CB37E0 /* miqo-app */,
				BCF8D6352E43B68A00CB37E0 /* miqo-appTests */,
				BCF8D63F2E43B68A00CB37E0 /* miqo-appUITests */,
				BCF8D6262E43B68900CB37E0 /* Products */,
			);
			sourceTree = "<group>";
		};
		BCF8D6262E43B68900CB37E0 /* Products */ = {
			isa = PBXGroup;
			children = (
				BCF8D6252E43B68900CB37E0 /* miqo-app.app */,
				BCF8D6322E43B68A00CB37E0 /* miqo-appTests.xctest */,
				BCF8D63C2E43B68A00CB37E0 /* miqo-appUITests.xctest */,
			);
			name = Products;
			sourceTree = "<group>";
		};
/* End PBXGroup section */

/* Begin PBXNativeTarget section */
		BCF8D6242E43B68900CB37E0 /* miqo-app */ = {
			isa = PBXNativeTarget;
			buildConfigurationList = BCF8D6462E43B68A00CB37E0 /* Build configuration list for PBXNativeTarget "miqo-app" */;
			buildPhases = (
				BCF8D6212E43B68900CB37E0 /* Sources */,
				BCF8D6222E43B68900CB37E0 /* Frameworks */,
				BCF8D6232E43B68900CB37E0 /* Resources */,
			);
			buildRules = (
			);
			dependencies = (
			);
			fileSystemSynchronizedGroups = (
				BCF8D6272E43B68900CB37E0 /* miqo-app */,
			);
			name = "miqo-app";
			packageProductDependencies = (
			);
			productName = "miqo-app";
			productReference = BCF8D6252E43B68900CB37E0 /* miqo-app.app */;
			productType = "com.apple.product-type.application";
		};
		BCF8D6312E43B68A00CB37E0 /* miqo-appTests */ = {
			isa = PBXNativeTarget;
			buildConfigurationList = BCF8D6492E43B68A00CB37E0 /* Build configuration list for PBXNativeTarget "miqo-appTests" */;
			buildPhases = (
				BCF8D62E2E43B68A00CB37E0 /* Sources */,
				BCF8D62F2E43B68A00CB37E0 /* Frameworks */,
				BCF8D6302E43B68A00CB37E0 /* Resources */,
			);
			buildRules = (
			);
			dependencies = (
				BCF8D6342E43B68A00CB37E0 /* PBXTargetDependency */,
			);
			fileSystemSynchronizedGroups = (
				BCF8D6352E43B68A00CB37E0 /* miqo-appTests */,
			);
			name = "miqo-appTests";
			packageProductDependencies = (
			);
			productName = "miqo-appTests";
			productReference = BCF8D6322E43B68A00CB37E0 /* miqo-appTests.xctest */;
			productType = "com.apple.product-type.bundle.unit-test";
		};
		BCF8D63B2E43B68A00CB37E0 /* miqo-appUITests */ = {
			isa = PBXNativeTarget;
			buildConfigurationList = BCF8D64C2E43B68A00CB37E0 /* Build configuration list for PBXNativeTarget "miqo-appUITests" */;
			buildPhases = (
				BCF8D6382E43B68A00CB37E0 /* Sources */,
				BCF8D6392E43B68A00CB37E0 /* Frameworks */,
				BCF8D63A2E43B68A00CB37E0 /* Resources */,
			);
			buildRules = (
			);
			dependencies = (
				BCF8D63E2E43B68A00CB37E0 /* PBXTargetDependency */,
			);
			fileSystemSynchronizedGroups = (
				BCF8D63F2E43B68A00CB37E0 /* miqo-appUITests */,
			);
			name = "miqo-appUITests";
			packageProductDependencies = (
			);
			productName = "miqo-appUITests";
			productReference = BCF8D63C2E43B68A00CB37E0 /* miqo-appUITests.xctest */;
			productType = "com.apple.product-type.bundle.ui-testing";
		};
/* End PBXNativeTarget section */

/* Begin PBXProject section */
		BCF8D61D2E43B68900CB37E0 /* Project object */ = {
			isa = PBXProject;
			attributes = {
				BuildIndependentTargetsInParallel = 1;
				LastSwiftUpdateCheck = 1640;
				LastUpgradeCheck = 1640;
				TargetAttributes = {
					BCF8D6242E43B68900CB37E0 = {
						CreatedOnToolsVersion = 16.4;
					};
					BCF8D6312E43B68A00CB37E0 = {
						CreatedOnToolsVersion = 16.4;
						TestTargetID = BCF8D6242E43B68900CB37E0;
					};
					BCF8D63B2E43B68A00CB37E0 = {
						CreatedOnToolsVersion = 16.4;
						TestTargetID = BCF8D6242E43B68900CB37E0;
					};
				};
			};
			buildConfigurationList = BCF8D6202E43B68900CB37E0 /* Build configuration list for PBXProject "miqo-app" */;
			developmentRegion = en;
			hasScannedForEncodings = 0;
			knownRegions = (
				en,
				Base,
			);
			mainGroup = BCF8D61C2E43B68900CB37E0;
			minimizedProjectReferenceProxies = 1;
			preferredProjectObjectVersion = 77;
			productRefGroup = BCF8D6262E43B68900CB37E0 /* Products */;
			projectDirPath = "";
			projectRoot = "";
			targets = (
				BCF8D6242E43B68900CB37E0 /* miqo-app */,
				BCF8D6312E43B68A00CB37E0 /* miqo-appTests */,
				BCF8D63B2E43B68A00CB37E0 /* miqo-appUITests */,
			);
		};
/* End PBXProject section */

/* Begin PBXResourcesBuildPhase section */
		BCF8D6232E43B68900CB37E0 /* Resources */ = {
			isa = PBXResourcesBuildPhase;
			buildActionMask = 2147483647;
			files = (
			);
			runOnlyForDeploymentPostprocessing = 0;
		};
		BCF8D6302E43B68A00CB37E0 /* Resources */ = {
			isa = PBXResourcesBuildPhase;
			buildActionMask = 2147483647;
			files = (
			);
			runOnlyForDeploymentPostprocessing = 0;
		};
		BCF8D63A2E43B68A00CB37E0 /* Resources */ = {
			isa = PBXResourcesBuildPhase;
			buildActionMask = 2147483647;
			files = (
			);
			runOnlyForDeploymentPostprocessing = 0;
		};
/* End PBXResourcesBuildPhase section */

/* Begin PBXSourcesBuildPhase section */
		BCF8D6212E43B68900CB37E0 /* Sources */ = {
			isa = PBXSourcesBuildPhase;
			buildActionMask = 2147483647;
			files = (
			);
			runOnlyForDeploymentPostprocessing = 0;
		};
		BCF8D62E2E43B68A00CB37E0 /* Sources */ = {
			isa = PBXSourcesBuildPhase;
			buildActionMask = 2147483647;
			files = (
			);
			runOnlyForDeploymentPostprocessing = 0;
		};
		BCF8D6382E43B68A00CB37E0 /* Sources */ = {
			isa = PBXSourcesBuildPhase;
			buildActionMask = 2147483647;
			files = (
			);
			runOnlyForDeploymentPostprocessing = 0;
		};
/* End PBXSourcesBuildPhase section */

/* Begin PBXTargetDependency section */
		BCF8D6342E43B68A00CB37E0 /* PBXTargetDependency */ = {
			isa = PBXTargetDependency;
			target = BCF8D6242E43B68900CB37E0 /* miqo-app */;
			targetProxy = BCF8D6332E43B68A00CB37E0 /* PBXContainerItemProxy */;
		};
		BCF8D63E2E43B68A00CB37E0 /* PBXTargetDependency */ = {
			isa = PBXTargetDependency;
			target = BCF8D6242E43B68900CB37E0 /* miqo-app */;
			targetProxy = BCF8D63D2E43B68A00CB37E0 /* PBXContainerItemProxy */;
		};
/* End PBXTargetDependency section */

/* Begin XCBuildConfiguration section */
		BCF8D6442E43B68A00CB37E0 /* Debug */ = {
			isa = XCBuildConfiguration;
			buildSettings = {
				ALWAYS_SEARCH_USER_PATHS = NO;
				ASSETCATALOG_COMPILER_GENERATE_SWIFT_ASSET_SYMBOL_EXTENSIONS = YES;
				CLANG_ANALYZER_NONNULL = YES;
				CLANG_ANALYZER_NUMBER_OBJECT_CONVERSION = YES_AGGRESSIVE;
				CLANG_CXX_LANGUAGE_STANDARD = "gnu++20";
				CLANG_ENABLE_MODULES = YES;
				CLANG_ENABLE_OBJC_ARC = YES;
				CLANG_ENABLE_OBJC_WEAK = YES;
				CLANG_WARN_BLOCK_CAPTURE_AUTORELEASING = YES;
				CLANG_WARN_BOOL_CONVERSION = YES;
				CLANG_WARN_COMMA = YES;
				CLANG_WARN_CONSTANT_CONVERSION = YES;
				CLANG_WARN_DEPRECATED_OBJC_IMPLEMENTATIONS = YES;
				CLANG_WARN_DIRECT_OBJC_ISA_USAGE = YES_ERROR;
				CLANG_WARN_DOCUMENTATION_COMMENTS = YES;
				CLANG_WARN_EMPTY_BODY = YES;
				CLANG_WARN_ENUM_CONVERSION = YES;
				CLANG_WARN_INFINITE_RECURSION = YES;
				CLANG_WARN_INT_CONVERSION = YES;
				CLANG_WARN_NON_LITERAL_NULL_CONVERSION = YES;
				CLANG_WARN_OBJC_IMPLICIT_RETAIN_SELF = YES;
				CLANG_WARN_OBJC_LITERAL_CONVERSION = YES;
				CLANG_WARN_OBJC_ROOT_CLASS = YES_ERROR;
				CLANG_WARN_QUOTED_INCLUDE_IN_FRAMEWORK_HEADER = YES;
				CLANG_WARN_RANGE_LOOP_ANALYSIS = YES;
				CLANG_WARN_STRICT_PROTOTYPES = YES;
				CLANG_WARN_SUSPICIOUS_MOVE = YES;
				CLANG_WARN_UNGUARDED_AVAILABILITY = YES_AGGRESSIVE;
				CLANG_WARN_UNREACHABLE_CODE = YES;
				CLANG_WARN__DUPLICATE_METHOD_MATCH = YES;
				COPY_PHASE_STRIP = NO;
				DEBUG_INFORMATION_FORMAT = dwarf;
				DEVELOPMENT_TEAM = BLTGQUDM3P;
				ENABLE_STRICT_OBJC_MSGSEND = YES;
				ENABLE_TESTABILITY = YES;
				ENABLE_USER_SCRIPT_SANDBOXING = YES;
				GCC_C_LANGUAGE_STANDARD = gnu17;
				GCC_DYNAMIC_NO_PIC = NO;
				GCC_NO_COMMON_BLOCKS = YES;
				GCC_OPTIMIZATION_LEVEL = 0;
				GCC_PREPROCESSOR_DEFINITIONS = (
					"DEBUG=1",
					"$(inherited)",
				);
				GCC_WARN_64_TO_32_BIT_CONVERSION = YES;
				GCC_WARN_ABOUT_RETURN_TYPE = YES_ERROR;
				GCC_WARN_UNDECLARED_SELECTOR = YES;
				GCC_WARN_UNINITIALIZED_AUTOS = YES_AGGRESSIVE;
				GCC_WARN_UNUSED_FUNCTION = YES;
				GCC_WARN_UNUSED_VARIABLE = YES;
				IPHONEOS_DEPLOYMENT_TARGET = 18.5;
				LOCALIZATION_PREFERS_STRING_CATALOGS = YES;
				MTL_ENABLE_DEBUG_INFO = INCLUDE_SOURCE;
				MTL_FAST_MATH = YES;
				ONLY_ACTIVE_ARCH = YES;
				SDKROOT = iphoneos;
				SWIFT_ACTIVE_COMPILATION_CONDITIONS = "DEBUG $(inherited)";
				SWIFT_OPTIMIZATION_LEVEL = "-Onone";
			};
			name = Debug;
		};
		BCF8D6452E43B68A00CB37E0 /* Release */ = {
			isa = XCBuildConfiguration;
			buildSettings = {
				ALWAYS_SEARCH_USER_PATHS = NO;
				ASSETCATALOG_COMPILER_GENERATE_SWIFT_ASSET_SYMBOL_EXTENSIONS = YES;
				CLANG_ANALYZER_NONNULL = YES;
				CLANG_ANALYZER_NUMBER_OBJECT_CONVERSION = YES_AGGRESSIVE;
				CLANG_CXX_LANGUAGE_STANDARD = "gnu++20";
				CLANG_ENABLE_MODULES = YES;
				CLANG_ENABLE_OBJC_ARC = YES;
				CLANG_ENABLE_OBJC_WEAK = YES;
				CLANG_WARN_BLOCK_CAPTURE_AUTORELEASING = YES;
				CLANG_WARN_BOOL_CONVERSION = YES;
				CLANG_WARN_COMMA = YES;
				CLANG_WARN_CONSTANT_CONVERSION = YES;
				CLANG_WARN_DEPRECATED_OBJC_IMPLEMENTATIONS = YES;
				CLANG_WARN_DIRECT_OBJC_ISA_USAGE = YES_ERROR;
				CLANG_WARN_DOCUMENTATION_COMMENTS = YES;
				CLANG_WARN_EMPTY_BODY = YES;
				CLANG_WARN_ENUM_CONVERSION = YES;
				CLANG_WARN_INFINITE_RECURSION = YES;
				CLANG_WARN_INT_CONVERSION = YES;
				CLANG_WARN_NON_LITERAL_NULL_CONVERSION = YES;
				CLANG_WARN_OBJC_IMPLICIT_RETAIN_SELF = YES;
				CLANG_WARN_OBJC_LITERAL_CONVERSION = YES;
				CLANG_WARN_OBJC_ROOT_CLASS = YES_ERROR;
				CLANG_WARN_QUOTED_INCLUDE_IN_FRAMEWORK_HEADER = YES;
				CLANG_WARN_RANGE_LOOP_ANALYSIS = YES;
				CLANG_WARN_STRICT_PROTOTYPES = YES;
				CLANG_WARN_SUSPICIOUS_MOVE = YES;
				CLANG_WARN_UNGUARDED_AVAILABILITY = YES_AGGRESSIVE;
				CLANG_WARN_UNREACHABLE_CODE = YES;
				CLANG_WARN__DUPLICATE_METHOD_MATCH = YES;
				COPY_PHASE_STRIP = NO;
				DEBUG_INFORMATION_FORMAT = "dwarf-with-dsym";
				DEVELOPMENT_TEAM = BLTGQUDM3P;
				ENABLE_NS_ASSERTIONS = NO;
				ENABLE_STRICT_OBJC_MSGSEND = YES;
				ENABLE_USER_SCRIPT_SANDBOXING = YES;
				GCC_C_LANGUAGE_STANDARD = gnu17;
				GCC_NO_COMMON_BLOCKS = YES;
				GCC_WARN_64_TO_32_BIT_CONVERSION = YES;
				GCC_WARN_ABOUT_RETURN_TYPE = YES_ERROR;
				GCC_WARN_UNDECLARED_SELECTOR = YES;
				GCC_WARN_UNINITIALIZED_AUTOS = YES_AGGRESSIVE;
				GCC_WARN_UNUSED_FUNCTION = YES;
				GCC_WARN_UNUSED_VARIABLE = YES;
				IPHONEOS_DEPLOYMENT_TARGET = 18.5;
				LOCALIZATION_PREFERS_STRING_CATALOGS = YES;
				MTL_ENABLE_DEBUG_INFO = NO;
				MTL_FAST_MATH = YES;
				SDKROOT = iphoneos;
				SWIFT_COMPILATION_MODE = wholemodule;
				VALIDATE_PRODUCT = YES;
			};
			name = Release;
		};
		BCF8D6472E43B68A00CB37E0 /* Debug */ = {
			isa = XCBuildConfiguration;
			buildSettings = {
				ASSETCATALOG_COMPILER_APPICON_NAME = AppIcon;
				ASSETCATALOG_COMPILER_GLOBAL_ACCENT_COLOR_NAME = AccentColor;
				CODE_SIGN_STYLE = Automatic;
				CURRENT_PROJECT_VERSION = 1;
				DEVELOPMENT_TEAM = BLTGQUDM3P;
				ENABLE_PREVIEWS = YES;
				GENERATE_INFOPLIST_FILE = YES;
				INFOPLIST_KEY_UIApplicationSceneManifest_Generation = YES;
				INFOPLIST_KEY_UIApplicationSupportsIndirectInputEvents = YES;
				INFOPLIST_KEY_UILaunchScreen_Generation = YES;
				INFOPLIST_KEY_UISupportedInterfaceOrientations_iPad = "UIInterfaceOrientationPortrait UIInterfaceOrientationPortraitUpsideDown UIInterfaceOrientationLandscapeLeft UIInterfaceOrientationLandscapeRight";
				INFOPLIST_KEY_UISupportedInterfaceOrientations_iPhone = "UIInterfaceOrientationPortrait UIInterfaceOrientationLandscapeLeft UIInterfaceOrientationLandscapeRight";
				LD_RUNPATH_SEARCH_PATHS = (
					"$(inherited)",
					"@executable_path/Frameworks",
				);
				MARKETING_VERSION = 1.0;
				PRODUCT_BUNDLE_IDENTIFIER = "dariocapdevila.miqo-app";
				PRODUCT_NAME = "$(TARGET_NAME)";
				SWIFT_EMIT_LOC_STRINGS = YES;
				SWIFT_VERSION = 5.0;
				TARGETED_DEVICE_FAMILY = "1,2";
			};
			name = Debug;
		};
		BCF8D6482E43B68A00CB37E0 /* Release */ = {
			isa = XCBuildConfiguration;
			buildSettings = {
				ASSETCATALOG_COMPILER_APPICON_NAME = AppIcon;
				ASSETCATALOG_COMPILER_GLOBAL_ACCENT_COLOR_NAME = AccentColor;
				CODE_SIGN_STYLE = Automatic;
				CURRENT_PROJECT_VERSION = 1;
				DEVELOPMENT_TEAM = BLTGQUDM3P;
				ENABLE_PREVIEWS = YES;
				GENERATE_INFOPLIST_FILE = YES;
				INFOPLIST_KEY_UIApplicationSceneManifest_Generation = YES;
				INFOPLIST_KEY_UIApplicationSupportsIndirectInputEvents = YES;
				INFOPLIST_KEY_UILaunchScreen_Generation = YES;
				INFOPLIST_KEY_UISupportedInterfaceOrientations_iPad = "UIInterfaceOrientationPortrait UIInterfaceOrientationPortraitUpsideDown UIInterfaceOrientationLandscapeLeft UIInterfaceOrientationLandscapeRight";
				INFOPLIST_KEY_UISupportedInterfaceOrientations_iPhone = "UIInterfaceOrientationPortrait UIInterfaceOrientationLandscapeLeft UIInterfaceOrientationLandscapeRight";
				LD_RUNPATH_SEARCH_PATHS = (
					"$(inherited)",
					"@executable_path/Frameworks",
				);
				MARKETING_VERSION = 1.0;
				PRODUCT_BUNDLE_IDENTIFIER = "dariocapdevila.miqo-app";
				PRODUCT_NAME = "$(TARGET_NAME)";
				SWIFT_EMIT_LOC_STRINGS = YES;
				SWIFT_VERSION = 5.0;
				TARGETED_DEVICE_FAMILY = "1,2";
			};
			name = Release;
		};
		BCF8D64A2E43B68A00CB37E0 /* Debug */ = {
			isa = XCBuildConfiguration;
			buildSettings = {
				BUNDLE_LOADER = "$(TEST_HOST)";
				CODE_SIGN_STYLE = Automatic;
				CURRENT_PROJECT_VERSION = 1;
				DEVELOPMENT_TEAM = BLTGQUDM3P;
				GENERATE_INFOPLIST_FILE = YES;
				IPHONEOS_DEPLOYMENT_TARGET = 18.5;
				MARKETING_VERSION = 1.0;
				PRODUCT_BUNDLE_IDENTIFIER = "dariocapdevila.miqo-appTests";
				PRODUCT_NAME = "$(TARGET_NAME)";
				SWIFT_EMIT_LOC_STRINGS = NO;
				SWIFT_VERSION = 5.0;
				TARGETED_DEVICE_FAMILY = "1,2";
				TEST_HOST = "$(BUILT_PRODUCTS_DIR)/miqo-app.app/$(BUNDLE_EXECUTABLE_FOLDER_PATH)/miqo-app";
			};
			name = Debug;
		};
		BCF8D64B2E43B68A00CB37E0 /* Release */ = {
			isa = XCBuildConfiguration;
			buildSettings = {
				BUNDLE_LOADER = "$(TEST_HOST)";
				CODE_SIGN_STYLE = Automatic;
				CURRENT_PROJECT_VERSION = 1;
				DEVELOPMENT_TEAM = BLTGQUDM3P;
				GENERATE_INFOPLIST_FILE = YES;
				IPHONEOS_DEPLOYMENT_TARGET = 18.5;
				MARKETING_VERSION = 1.0;
				PRODUCT_BUNDLE_IDENTIFIER = "dariocapdevila.miqo-appTests";
				PRODUCT_NAME = "$(TARGET_NAME)";
				SWIFT_EMIT_LOC_STRINGS = NO;
				SWIFT_VERSION = 5.0;
				TARGETED_DEVICE_FAMILY = "1,2";
				TEST_HOST = "$(BUILT_PRODUCTS_DIR)/miqo-app.app/$(BUNDLE_EXECUTABLE_FOLDER_PATH)/miqo-app";
			};
			name = Release;
		};
		BCF8D64D2E43B68A00CB37E0 /* Debug */ = {
			isa = XCBuildConfiguration;
			buildSettings = {
				CODE_SIGN_STYLE = Automatic;
				CURRENT_PROJECT_VERSION = 1;
				DEVELOPMENT_TEAM = BLTGQUDM3P;
				GENERATE_INFOPLIST_FILE = YES;
				MARKETING_VERSION = 1.0;
				PRODUCT_BUNDLE_IDENTIFIER = "dariocapdevila.miqo-appUITests";
				PRODUCT_NAME = "$(TARGET_NAME)";
				SWIFT_EMIT_LOC_STRINGS = NO;
				SWIFT_VERSION = 5.0;
				TARGETED_DEVICE_FAMILY = "1,2";
				TEST_TARGET_NAME = "miqo-app";
			};
			name = Debug;
		};
		BCF8D64E2E43B68A00CB37E0 /* Release */ = {
			isa = XCBuildConfiguration;
			buildSettings = {
				CODE_SIGN_STYLE = Automatic;
				CURRENT_PROJECT_VERSION = 1;
				DEVELOPMENT_TEAM = BLTGQUDM3P;
				GENERATE_INFOPLIST_FILE = YES;
				MARKETING_VERSION = 1.0;
				PRODUCT_BUNDLE_IDENTIFIER = "dariocapdevila.miqo-appUITests";
				PRODUCT_NAME = "$(TARGET_NAME)";
				SWIFT_EMIT_LOC_STRINGS = NO;
				SWIFT_VERSION = 5.0;
				TARGETED_DEVICE_FAMILY = "1,2";
				TEST_TARGET_NAME = "miqo-app";
			};
			name = Release;
		};
/* End XCBuildConfiguration section */

/* Begin XCConfigurationList section */
		BCF8D6202E43B68900CB37E0 /* Build configuration list for PBXProject "miqo-app" */ = {
			isa = XCConfigurationList;
			buildConfigurations = (
				BCF8D6442E43B68A00CB37E0 /* Debug */,
				BCF8D6452E43B68A00CB37E0 /* Release */,
			);
			defaultConfigurationIsVisible = 0;
			defaultConfigurationName = Release;
		};
		BCF8D6462E43B68A00CB37E0 /* Build configuration list for PBXNativeTarget "miqo-app" */ = {
			isa = XCConfigurationList;
			buildConfigurations = (
				BCF8D6472E43B68A00CB37E0 /* Debug */,
				BCF8D6482E43B68A00CB37E0 /* Release */,
			);
			defaultConfigurationIsVisible = 0;
			defaultConfigurationName = Release;
		};
		BCF8D6492E43B68A00CB37E0 /* Build configuration list for PBXNativeTarget "miqo-appTests" */ = {
			isa = XCConfigurationList;
			buildConfigurations = (
				BCF8D64A2E43B68A00CB37E0 /* Debug */,
				BCF8D64B2E43B68A00CB37E0 /* Release */,
			);
			defaultConfigurationIsVisible = 0;
			defaultConfigurationName = Release;
		};
		BCF8D64C2E43B68A00CB37E0 /* Build configuration list for PBXNativeTarget "miqo-appUITests" */ = {
			isa = XCConfigurationList;
			buildConfigurations = (
				BCF8D64D2E43B68A00CB37E0 /* Debug */,
				BCF8D64E2E43B68A00CB37E0 /* Release */,
			);
			defaultConfigurationIsVisible = 0;
			defaultConfigurationName = Release;
		};
/* End XCConfigurationList section */
	};
	rootObject = BCF8D61D2E43B68900CB37E0 /* Project object */;
}
